
Microsoft Visual Studio Solution File, Format Version 12.00
# Visual Studio Version 17
VisualStudioVersion = 17.3.32825.248
MinimumVisualStudioVersion = 10.0.40219.1
Project("{9A19103F-16F7-4668-BE54-9A1E7A4F7556}") = "Employee.Api", "Workers\Employee.Api.csproj", "{A6668D92-5A23-465A-8E7E-110C7CB7C20D}"
EndProject
Project("{FAE04EC0-301F-11D3-BF4B-00C04F79EFBC}") = "Employee.Core", "EmployeeCore\Employee.Core.csproj", "{7F555354-0119-47AE-9164-1C4BCBE63A55}"
EndProject
Project("{FAE04EC0-301F-11D3-BF4B-00C04F79EFBC}") = "Employee.Service", "EmployeeService\Employee.Service.csproj", "{DDE5A21D-36D5-41AF-BE9D-18D1D4644779}"
EndProject
Project("{FAE04EC0-301F-11D3-BF4B-00C04F79EFBC}") = "Employee.Data", "EmployeeData\Employee.Data.csproj", "{EC7E1B6B-1643-4E62-BDC0-ACBD6E2BFA0E}"
EndProject
Global
	GlobalSection(SolutionConfigurationPlatforms) = preSolution
		Debug|Any CPU = Debug|Any CPU
		Release|Any CPU = Release|Any CPU
	EndGlobalSection
	GlobalSection(ProjectConfigurationPlatforms) = postSolution
		{A6668D92-5A23-465A-8E7E-110C7CB7C20D}.Debug|Any CPU.ActiveCfg = Debug|Any CPU
		{A6668D92-5A23-465A-8E7E-110C7CB7C20D}.Debug|Any CPU.Build.0 = Debug|Any CPU
		{A6668D92-5A23-465A-8E7E-110C7CB7C20D}.Release|Any CPU.ActiveCfg = Release|Any CPU
		{A6668D92-5A23-465A-8E7E-110C7CB7C20D}.Release|Any CPU.Build.0 = Release|Any CPU
		{7F555354-0119-47AE-9164-1C4BCBE63A55}.Debug|Any CPU.ActiveCfg = Debug|Any CPU
		{7F555354-0119-47AE-9164-1C4BCBE63A55}.Debug|Any CPU.Build.0 = Debug|Any CPU
		{7F555354-0119-47AE-9164-1C4BCBE63A55}.Release|Any CPU.ActiveCfg = Release|Any CPU
		{7F555354-0119-47AE-9164-1C4BCBE63A55}.Release|Any CPU.Build.0 = Release|Any CPU
		{DDE5A21D-36D5-41AF-BE9D-18D1D4644779}.Debug|Any CPU.ActiveCfg = Debug|Any CPU
		{DDE5A21D-36D5-41AF-BE9D-18D1D4644779}.Debug|Any CPU.Build.0 = Debug|Any CPU
		{DDE5A21D-36D5-41AF-BE9D-18D1D4644779}.Release|Any CPU.ActiveCfg = Release|Any CPU
		{DDE5A21D-36D5-41AF-BE9D-18D1D4644779}.Release|Any CPU.Build.0 = Release|Any CPU
		{EC7E1B6B-1643-4E62-BDC0-ACBD6E2BFA0E}.Debug|Any CPU.ActiveCfg = Debug|Any CPU
		{EC7E1B6B-1643-4E62-BDC0-ACBD6E2BFA0E}.Debug|Any CPU.Build.0 = Debug|Any CPU
		{EC7E1B6B-1643-4E62-BDC0-ACBD6E2BFA0E}.Release|Any CPU.ActiveCfg = Release|Any CPU
		{EC7E1B6B-1643-4E62-BDC0-ACBD6E2BFA0E}.Release|Any CPU.Build.0 = Release|Any CPU
	EndGlobalSection
	GlobalSection(SolutionProperties) = preSolution
		HideSolutionNode = FALSE
	EndGlobalSection
	GlobalSection(ExtensibilityGlobals) = postSolution
		SolutionGuid = {575C5550-669D-4AF2-BB7D-F6B2CD5B8FD1}
	EndGlobalSection
EndGlobal
